
Microsoft Visual Studio Solution File, Format Version 12.00
# Visual Studio Version 17
VisualStudioVersion = 17.10.34928.147
MinimumVisualStudioVersion = 10.0.40219.1
Project("{FAE04EC0-301F-11D3-BF4B-00C04F79EFBC}") = "AspNetCore8CI", "AspNetCore8CI\AspNetCore8CI.csproj", "{2B991CBF-342A-4D55-9594-9DD0412C6B57}"
EndProject
Global
	GlobalSection(SolutionConfigurationPlatforms) = preSolution
		Debug|Any CPU = Debug|Any CPU
		Release|Any CPU = Release|Any CPU
	EndGlobalSection
	GlobalSection(ProjectConfigurationPlatforms) = postSolution
		{2B991CBF-342A-4D55-9594-9DD0412C6B57}.Debug|Any CPU.ActiveCfg = Debug|Any CPU
		{2B991CBF-342A-4D55-9594-9DD0412C6B57}.Debug|Any CPU.Build.0 = Debug|Any CPU
		{2B991CBF-342A-4D55-9594-9DD0412C6B57}.Release|Any CPU.ActiveCfg = Release|Any CPU
		{2B991CBF-342A-4D55-9594-9DD0412C6B57}.Release|Any CPU.Build.0 = Release|Any CPU
	EndGlobalSection
	GlobalSection(SolutionProperties) = preSolution
		HideSolutionNode = FALSE
	EndGlobalSection
	GlobalSection(ExtensibilityGlobals) = postSolution
		SolutionGuid = {11F913C1-0CF6-4F9A-A3BC-20825CFDA14A}
	EndGlobalSection
EndGlobal
